
Microsoft Visual Studio Solution File, Format Version 12.00
# Visual Studio 14
VisualStudioVersion = 14.0.25420.1
MinimumVisualStudioVersion = 10.0.40219.1
Project("{2150E333-8FDC-42A3-9474-1A3956D46DE8}") = "DATA", "DATA", "{11A8C397-C047-431E-8383-5F429D7ECFA6}"
EndProject
Project("{2150E333-8FDC-42A3-9474-1A3956D46DE8}") = "UI", "UI", "{6115B052-0551-4008-9348-34285579166B}"
EndProject
Project("{FAE04EC0-301F-11D3-BF4B-00C04F79EFBC}") = "MVCBLOG.BLL", "MVCBLOG.BLL\MVCBLOG.BLL.csproj", "{9C63D9D8-89A4-417E-A25D-763964B354C4}"
EndProject
Project("{FAE04EC0-301F-11D3-BF4B-00C04F79EFBC}") = "MVCBLOG.DAL", "MVCBLOG.DAL\MVCBLOG.DAL.csproj", "{9BF8C053-8EBE-45C2-9D9B-F179C5E328ED}"
EndProject
Project("{FAE04EC0-301F-11D3-BF4B-00C04F79EFBC}") = "MVCBLOG.ENTITY", "MVCBLOG.ENTITY\MVCBLOG.ENTITY.csproj", "{856052CB-FBE4-4062-A989-3E465C444E9A}"
EndProject
Project("{FAE04EC0-301F-11D3-BF4B-00C04F79EFBC}") = "MVCBLOG.WEBUI", "MVCBLOG.WEBUI\MVCBLOG.WEBUI.csproj", "{EAC299D3-E999-4D13-8FE6-6A3A53AD6375}"
EndProject
Project("{FAE04EC0-301F-11D3-BF4B-00C04F79EFBC}") = "MVCBLOG.COMMON", "MVCBLOG.COMMON\MVCBLOG.COMMON.csproj", "{3CAA4B31-ADF7-4C4E-B09E-69080E65584A}"
EndProject
Global
	GlobalSection(SolutionConfigurationPlatforms) = preSolution
		Debug|Any CPU = Debug|Any CPU
		Release|Any CPU = Release|Any CPU
	EndGlobalSection
	GlobalSection(ProjectConfigurationPlatforms) = postSolution
		{9C63D9D8-89A4-417E-A25D-763964B354C4}.Debug|Any CPU.ActiveCfg = Debug|Any CPU
		{9C63D9D8-89A4-417E-A25D-763964B354C4}.Debug|Any CPU.Build.0 = Debug|Any CPU
		{9C63D9D8-89A4-417E-A25D-763964B354C4}.Release|Any CPU.ActiveCfg = Release|Any CPU
		{9C63D9D8-89A4-417E-A25D-763964B354C4}.Release|Any CPU.Build.0 = Release|Any CPU
		{9BF8C053-8EBE-45C2-9D9B-F179C5E328ED}.Debug|Any CPU.ActiveCfg = Debug|Any CPU
		{9BF8C053-8EBE-45C2-9D9B-F179C5E328ED}.Debug|Any CPU.Build.0 = Debug|Any CPU
		{9BF8C053-8EBE-45C2-9D9B-F179C5E328ED}.Release|Any CPU.ActiveCfg = Release|Any CPU
		{9BF8C053-8EBE-45C2-9D9B-F179C5E328ED}.Release|Any CPU.Build.0 = Release|Any CPU
		{856052CB-FBE4-4062-A989-3E465C444E9A}.Debug|Any CPU.ActiveCfg = Debug|Any CPU
		{856052CB-FBE4-4062-A989-3E465C444E9A}.Debug|Any CPU.Build.0 = Debug|Any CPU
		{856052CB-FBE4-4062-A989-3E465C444E9A}.Release|Any CPU.ActiveCfg = Release|Any CPU
		{856052CB-FBE4-4062-A989-3E465C444E9A}.Release|Any CPU.Build.0 = Release|Any CPU
		{EAC299D3-E999-4D13-8FE6-6A3A53AD6375}.Debug|Any CPU.ActiveCfg = Debug|Any CPU
		{EAC299D3-E999-4D13-8FE6-6A3A53AD6375}.Debug|Any CPU.Build.0 = Debug|Any CPU
		{EAC299D3-E999-4D13-8FE6-6A3A53AD6375}.Release|Any CPU.ActiveCfg = Release|Any CPU
		{EAC299D3-E999-4D13-8FE6-6A3A53AD6375}.Release|Any CPU.Build.0 = Release|Any CPU
		{3CAA4B31-ADF7-4C4E-B09E-69080E65584A}.Debug|Any CPU.ActiveCfg = Debug|Any CPU
		{3CAA4B31-ADF7-4C4E-B09E-69080E65584A}.Debug|Any CPU.Build.0 = Debug|Any CPU
		{3CAA4B31-ADF7-4C4E-B09E-69080E65584A}.Release|Any CPU.ActiveCfg = Release|Any CPU
		{3CAA4B31-ADF7-4C4E-B09E-69080E65584A}.Release|Any CPU.Build.0 = Release|Any CPU
	EndGlobalSection
	GlobalSection(SolutionProperties) = preSolution
		HideSolutionNode = FALSE
	EndGlobalSection
	GlobalSection(NestedProjects) = preSolution
		{9C63D9D8-89A4-417E-A25D-763964B354C4} = {11A8C397-C047-431E-8383-5F429D7ECFA6}
		{9BF8C053-8EBE-45C2-9D9B-F179C5E328ED} = {11A8C397-C047-431E-8383-5F429D7ECFA6}
		{856052CB-FBE4-4062-A989-3E465C444E9A} = {11A8C397-C047-431E-8383-5F429D7ECFA6}
		{EAC299D3-E999-4D13-8FE6-6A3A53AD6375} = {6115B052-0551-4008-9348-34285579166B}
		{3CAA4B31-ADF7-4C4E-B09E-69080E65584A} = {11A8C397-C047-431E-8383-5F429D7ECFA6}
	EndGlobalSection
EndGlobal
